
Microsoft Visual Studio Solution File, Format Version 12.00
# Visual Studio Version 17
VisualStudioVersion = 17.3.32825.248
MinimumVisualStudioVersion = 10.0.40219.1
Project("{FAE04EC0-301F-11D3-BF4B-00C04F79EFBC}") = "WpfApp1", "WpfApp1\WpfApp1.csproj", "{F75C797C-22F0-42A4-B94D-22B1D492AA77}"
EndProject
Global
	GlobalSection(SolutionConfigurationPlatforms) = preSolution
		Debug|Any CPU = Debug|Any CPU
		Release|Any CPU = Release|Any CPU
	EndGlobalSection
	GlobalSection(ProjectConfigurationPlatforms) = postSolution
		{F75C797C-22F0-42A4-B94D-22B1D492AA77}.Debug|Any CPU.ActiveCfg = Debug|Any CPU
		{F75C797C-22F0-42A4-B94D-22B1D492AA77}.Debug|Any CPU.Build.0 = Debug|Any CPU
		{F75C797C-22F0-42A4-B94D-22B1D492AA77}.Release|Any CPU.ActiveCfg = Release|Any CPU
		{F75C797C-22F0-42A4-B94D-22B1D492AA77}.Release|Any CPU.Build.0 = Release|Any CPU
	EndGlobalSection
	GlobalSection(SolutionProperties) = preSolution
		HideSolutionNode = FALSE
	EndGlobalSection
	GlobalSection(ExtensibilityGlobals) = postSolution
		SolutionGuid = {53B954D3-51A6-4B0A-A413-12C1324CD7F9}
	EndGlobalSection
EndGlobal
